
Microsoft Visual Studio Solution File, Format Version 12.00
# Visual Studio Version 17
VisualStudioVersion = 17.0.31903.59
MinimumVisualStudioVersion = 10.0.40219.1
Project("{FAE04EC0-301F-11D3-BF4B-00C04F79EFBC}") = "ManipulaVar", "ManipulaVar\ManipulaVar.csproj", "{DDA0D717-86E4-43E3-A370-588D91AB6C6A}"
EndProject
Project("{FAE04EC0-301F-11D3-BF4B-00C04F79EFBC}") = "PerguntaValores", "PerguntaValores\PerguntaValores.csproj", "{A8B1CA42-9F32-4C6F-B380-E376E95451E0}"
EndProject
Project("{FAE04EC0-301F-11D3-BF4B-00C04F79EFBC}") = "Specials", "Specials\Specials.csproj", "{C2E8C7D2-CBF5-4E9D-8FB4-61EACD2F4D1C}"
EndProject
Project("{FAE04EC0-301F-11D3-BF4B-00C04F79EFBC}") = "IfExample", "IfExample\IfExample.csproj", "{337A310E-2994-41C8-91C3-D5572D796218}"
EndProject
Project("{FAE04EC0-301F-11D3-BF4B-00C04F79EFBC}") = "ChatGPTGrandfather", "ChatGPTGrandfather\ChatGPTGrandfather.csproj", "{A78028C6-755C-4F0A-885A-481A052F3457}"
EndProject
Project("{FAE04EC0-301F-11D3-BF4B-00C04F79EFBC}") = "GranpaPatternSwitch", "GranpaPatternSwitch\GranpaPatternSwitch.csproj", "{65582A52-D364-48B3-BB6F-5974EF1685EB}"
EndProject
Project("{FAE04EC0-301F-11D3-BF4B-00C04F79EFBC}") = "BreakContinue", "BreakContinue\BreakContinue.csproj", "{7F8AF9C4-F83A-4DA2-BF30-6E3C11E590DF}"
EndProject
Project("{FAE04EC0-301F-11D3-BF4B-00C04F79EFBC}") = "ChatGPTMother", "ChatGPTMother\ChatGPTMother.csproj", "{3570FA77-3889-4A9E-B114-51A23A6CE360}"
EndProject
Project("{FAE04EC0-301F-11D3-BF4B-00C04F79EFBC}") = "Triangle", "Triangle\Triangle.csproj", "{EF1F312F-0AB7-47C7-B587-BEB8A58408AF}"
EndProject
Global
	GlobalSection(SolutionConfigurationPlatforms) = preSolution
		Debug|Any CPU = Debug|Any CPU
		Release|Any CPU = Release|Any CPU
	EndGlobalSection
	GlobalSection(SolutionProperties) = preSolution
		HideSolutionNode = FALSE
	EndGlobalSection
	GlobalSection(ProjectConfigurationPlatforms) = postSolution
		{DDA0D717-86E4-43E3-A370-588D91AB6C6A}.Debug|Any CPU.ActiveCfg = Debug|Any CPU
		{DDA0D717-86E4-43E3-A370-588D91AB6C6A}.Debug|Any CPU.Build.0 = Debug|Any CPU
		{DDA0D717-86E4-43E3-A370-588D91AB6C6A}.Release|Any CPU.ActiveCfg = Release|Any CPU
		{DDA0D717-86E4-43E3-A370-588D91AB6C6A}.Release|Any CPU.Build.0 = Release|Any CPU
		{A8B1CA42-9F32-4C6F-B380-E376E95451E0}.Debug|Any CPU.ActiveCfg = Debug|Any CPU
		{A8B1CA42-9F32-4C6F-B380-E376E95451E0}.Debug|Any CPU.Build.0 = Debug|Any CPU
		{A8B1CA42-9F32-4C6F-B380-E376E95451E0}.Release|Any CPU.ActiveCfg = Release|Any CPU
		{A8B1CA42-9F32-4C6F-B380-E376E95451E0}.Release|Any CPU.Build.0 = Release|Any CPU
		{C2E8C7D2-CBF5-4E9D-8FB4-61EACD2F4D1C}.Debug|Any CPU.ActiveCfg = Debug|Any CPU
		{C2E8C7D2-CBF5-4E9D-8FB4-61EACD2F4D1C}.Debug|Any CPU.Build.0 = Debug|Any CPU
		{C2E8C7D2-CBF5-4E9D-8FB4-61EACD2F4D1C}.Release|Any CPU.ActiveCfg = Release|Any CPU
		{C2E8C7D2-CBF5-4E9D-8FB4-61EACD2F4D1C}.Release|Any CPU.Build.0 = Release|Any CPU
		{337A310E-2994-41C8-91C3-D5572D796218}.Debug|Any CPU.ActiveCfg = Debug|Any CPU
		{337A310E-2994-41C8-91C3-D5572D796218}.Debug|Any CPU.Build.0 = Debug|Any CPU
		{337A310E-2994-41C8-91C3-D5572D796218}.Release|Any CPU.ActiveCfg = Release|Any CPU
		{337A310E-2994-41C8-91C3-D5572D796218}.Release|Any CPU.Build.0 = Release|Any CPU
		{A78028C6-755C-4F0A-885A-481A052F3457}.Debug|Any CPU.ActiveCfg = Debug|Any CPU
		{A78028C6-755C-4F0A-885A-481A052F3457}.Debug|Any CPU.Build.0 = Debug|Any CPU
		{A78028C6-755C-4F0A-885A-481A052F3457}.Release|Any CPU.ActiveCfg = Release|Any CPU
		{A78028C6-755C-4F0A-885A-481A052F3457}.Release|Any CPU.Build.0 = Release|Any CPU
		{65582A52-D364-48B3-BB6F-5974EF1685EB}.Debug|Any CPU.ActiveCfg = Debug|Any CPU
		{65582A52-D364-48B3-BB6F-5974EF1685EB}.Debug|Any CPU.Build.0 = Debug|Any CPU
		{65582A52-D364-48B3-BB6F-5974EF1685EB}.Release|Any CPU.ActiveCfg = Release|Any CPU
		{65582A52-D364-48B3-BB6F-5974EF1685EB}.Release|Any CPU.Build.0 = Release|Any CPU
		{7F8AF9C4-F83A-4DA2-BF30-6E3C11E590DF}.Debug|Any CPU.ActiveCfg = Debug|Any CPU
		{7F8AF9C4-F83A-4DA2-BF30-6E3C11E590DF}.Debug|Any CPU.Build.0 = Debug|Any CPU
		{7F8AF9C4-F83A-4DA2-BF30-6E3C11E590DF}.Release|Any CPU.ActiveCfg = Release|Any CPU
		{7F8AF9C4-F83A-4DA2-BF30-6E3C11E590DF}.Release|Any CPU.Build.0 = Release|Any CPU
		{3570FA77-3889-4A9E-B114-51A23A6CE360}.Debug|Any CPU.ActiveCfg = Debug|Any CPU
		{3570FA77-3889-4A9E-B114-51A23A6CE360}.Debug|Any CPU.Build.0 = Debug|Any CPU
		{3570FA77-3889-4A9E-B114-51A23A6CE360}.Release|Any CPU.ActiveCfg = Release|Any CPU
		{3570FA77-3889-4A9E-B114-51A23A6CE360}.Release|Any CPU.Build.0 = Release|Any CPU
		{EF1F312F-0AB7-47C7-B587-BEB8A58408AF}.Debug|Any CPU.ActiveCfg = Debug|Any CPU
		{EF1F312F-0AB7-47C7-B587-BEB8A58408AF}.Debug|Any CPU.Build.0 = Debug|Any CPU
		{EF1F312F-0AB7-47C7-B587-BEB8A58408AF}.Release|Any CPU.ActiveCfg = Release|Any CPU
		{EF1F312F-0AB7-47C7-B587-BEB8A58408AF}.Release|Any CPU.Build.0 = Release|Any CPU
	EndGlobalSection
EndGlobal
